
Microsoft Visual Studio Solution File, Format Version 12.00
# Visual Studio 15
VisualStudioVersion = 15.0.28010.2036
MinimumVisualStudioVersion = 10.0.40219.1
Project("{FAE04EC0-301F-11D3-BF4B-00C04F79EFBC}") = "Fibonacchi", "Fibonacchi\Fibonacchi.csproj", "{EED64C24-851B-4541-9F06-C61F6CDA6E88}"
EndProject
Global
	GlobalSection(SolutionConfigurationPlatforms) = preSolution
		Debug|Any CPU = Debug|Any CPU
		Release|Any CPU = Release|Any CPU
	EndGlobalSection
	GlobalSection(ProjectConfigurationPlatforms) = postSolution
		{EED64C24-851B-4541-9F06-C61F6CDA6E88}.Debug|Any CPU.ActiveCfg = Debug|Any CPU
		{EED64C24-851B-4541-9F06-C61F6CDA6E88}.Debug|Any CPU.Build.0 = Debug|Any CPU
		{EED64C24-851B-4541-9F06-C61F6CDA6E88}.Release|Any CPU.ActiveCfg = Release|Any CPU
		{EED64C24-851B-4541-9F06-C61F6CDA6E88}.Release|Any CPU.Build.0 = Release|Any CPU
	EndGlobalSection
	GlobalSection(SolutionProperties) = preSolution
		HideSolutionNode = FALSE
	EndGlobalSection
	GlobalSection(ExtensibilityGlobals) = postSolution
		SolutionGuid = {0393B003-25DC-483C-823B-BCE4FA672075}
	EndGlobalSection
EndGlobal
